// !$*UTF8*$!
{
	archiveVersion = 1;
	classes = {
	};
	objectVersion = 46;
	objects = {

/* Begin PBXBuildFile section */
		3FC1C4831E96140F008676F6 /* AppDelegate.swift in Sources */ = {isa = PBXBuildFile; fileRef = 3FC1C4821E96140F008676F6 /* AppDelegate.swift */; };
		3FC1C4851E96140F008676F6 /* ViewController.swift in Sources */ = {isa = PBXBuildFile; fileRef = 3FC1C4841E96140F008676F6 /* ViewController.swift */; };
		3FC1C4881E96140F008676F6 /* Main.storyboard in Resources */ = {isa = PBXBuildFile; fileRef = 3FC1C4861E96140F008676F6 /* Main.storyboard */; };
		3FC1C48A1E96140F008676F6 /* Assets.xcassets in Resources */ = {isa = PBXBuildFile; fileRef = 3FC1C4891E96140F008676F6 /* Assets.xcassets */; };
		3FC1C48D1E96140F008676F6 /* LaunchScreen.storyboard in Resources */ = {isa = PBXBuildFile; fileRef = 3FC1C48B1E96140F008676F6 /* LaunchScreen.storyboard */; };
/* End PBXBuildFile section */

/* Begin PBXFileReference section */
		3FC1C47F1E96140F008676F6 /* mealSelector.app */ = {isa = PBXFileReference; explicitFileType = wrapper.application; includeInIndex = 0; path = mealSelector.app; sourceTree = BUILT_PRODUCTS_DIR; };
		3FC1C4821E96140F008676F6 /* AppDelegate.swift */ = {isa = PBXFileReference; lastKnownFileType = sourcecode.swift; path = AppDelegate.swift; sourceTree = "<group>"; };
		3FC1C4841E96140F008676F6 /* ViewController.swift */ = {isa = PBXFileReference; lastKnownFileType = sourcecode.swift; path = ViewController.swift; sourceTree = "<group>"; };
		3FC1C4871E96140F008676F6 /* Base */ = {isa = PBXFileReference; lastKnownFileType = file.storyboard; name = Base; path = Base.lproj/Main.storyboard; sourceTree = "<group>"; };
		3FC1C4891E96140F008676F6 /* Assets.xcassets */ = {isa = PBXFileReference; lastKnownFileType = folder.assetcatalog; path = Assets.xcassets; sourceTree = "<group>"; };
		3FC1C48C1E96140F008676F6 /* Base */ = {isa = PBXFileReference; lastKnownFileType = file.storyboard; name = Base; path = Base.lproj/LaunchScreen.storyboard; sourceTree = "<group>"; };
		3FC1C48E1E96140F008676F6 /* Info.plist */ = {isa = PBXFileReference; lastKnownFileType = text.plist.xml; path = Info.plist; sourceTree = "<group>"; };
/* End PBXFileReference section */

/* Begin PBXFrameworksBuildPhase section */
		3FC1C47C1E96140F008676F6 /* Frameworks */ = {
			isa = PBXFrameworksBuildPhase;
			buildActionMask = 2147483647;
			files = (
			);
			runOnlyForDeploymentPostprocessing = 0;
		};
/* End PBXFrameworksBuildPhase section */

/* Begin PBXGroup section */
		3FC1C4761E96140F008676F6 = {
			isa = PBXGroup;
			children = (
				3FC1C4811E96140F008676F6 /* mealSelector */,
				3FC1C4801E96140F008676F6 /* Products */,
			);
			sourceTree = "<group>";
		};
		3FC1C4801E96140F008676F6 /* Products */ = {
			isa = PBXGroup;
			children = (
				3FC1C47F1E96140F008676F6 /* mealSelector.app */,
			);
			name = Products;
			sourceTree = "<group>";
		};
		3FC1C4811E96140F008676F6 /* mealSelector */ = {
			isa = PBXGroup;
			children = (
				3FC1C4821E96140F008676F6 /* AppDelegate.swift */,
				3FC1C4841E96140F008676F6 /* ViewController.swift */,
				3FC1C4861E96140F008676F6 /* Main.storyboard */,
				3FC1C4891E96140F008676F6 /* Assets.xcassets */,
				3FC1C48B1E96140F008676F6 /* LaunchScreen.storyboard */,
				3FC1C48E1E96140F008676F6 /* Info.plist */,
			);
			path = mealSelector;
			sourceTree = "<group>";
		};
/* End PBXGroup section */

/* Begin PBXNativeTarget section */
		3FC1C47E1E96140F008676F6 /* mealSelector */ = {
			isa = PBXNativeTarget;
			buildConfigurationList = 3FC1C4911E96140F008676F6 /* Build configuration list for PBXNativeTarget "mealSelector" */;
			buildPhases = (
				3FC1C47B1E96140F008676F6 /* Sources */,
				3FC1C47C1E96140F008676F6 /* Frameworks */,
				3FC1C47D1E96140F008676F6 /* Resources */,
			);
			buildRules = (
			);
			dependencies = (
			);
			name = mealSelector;
			productName = mealSelector;
			productReference = 3FC1C47F1E96140F008676F6 /* mealSelector.app */;
			productType = "com.apple.product-type.application";
		};
/* End PBXNativeTarget section */

/* Begin PBXProject section */
		3FC1C4771E96140F008676F6 /* Project object */ = {
			isa = PBXProject;
			attributes = {
				LastSwiftUpdateCheck = 0820;
				LastUpgradeCheck = 0820;
				ORGANIZATIONNAME = "zeyong shan";
				TargetAttributes = {
					3FC1C47E1E96140F008676F6 = {
						CreatedOnToolsVersion = 8.2.1;
						DevelopmentTeam = H3ZELCLQP9;
						ProvisioningStyle = Automatic;
					};
				};
			};
			buildConfigurationList = 3FC1C47A1E96140F008676F6 /* Build configuration list for PBXProject "mealSelector" */;
			compatibilityVersion = "Xcode 3.2";
			developmentRegion = English;
			hasScannedForEncodings = 0;
			knownRegions = (
				en,
				Base,
			);
			mainGroup = 3FC1C4761E96140F008676F6;
			productRefGroup = 3FC1C4801E96140F008676F6 /* Products */;
			projectDirPath = "";
			projectRoot = "";
			targets = (
				3FC1C47E1E96140F008676F6 /* mealSelector */,
			);
		};
/* End PBXProject section */

/* Begin PBXResourcesBuildPhase section */
		3FC1C47D1E96140F008676F6 /* Resources */ = {
			isa = PBXResourcesBuildPhase;
			buildActionMask = 2147483647;
			files = (
				3FC1C48D1E96140F008676F6 /* LaunchScreen.storyboard in Resources */,
				3FC1C48A1E96140F008676F6 /* Assets.xcassets in Resources */,
				3FC1C4881E96140F008676F6 /* Main.storyboard in Resources */,
			);
			runOnlyForDeploymentPostprocessing = 0;
		};
/* End PBXResourcesBuildPhase section */

/* Begin PBXSourcesBuildPhase section */
		3FC1C47B1E96140F008676F6 /* Sources */ = {
			isa = PBXSourcesBuildPhase;
			buildActionMask = 2147483647;
			files = (
				3FC1C4851E96140F008676F6 /* ViewController.swift in Sources */,
				3FC1C4831E96140F008676F6 /* AppDelegate.swift in Sources */,
			);
			runOnlyForDeploymentPostprocessing = 0;
		};
/* End PBXSourcesBuildPhase section */

/* Begin PBXVariantGroup section */
		3FC1C4861E96140F008676F6 /* Main.storyboard */ = {
			isa = PBXVariantGroup;
			children = (
				3FC1C4871E96140F008676F6 /* Base */,
			);
			name = Main.storyboard;
			sourceTree = "<group>";
		};
		3FC1C48B1E96140F008676F6 /* LaunchScreen.storyboard */ = {
			isa = PBXVariantGroup;
			children = (
				3FC1C48C1E96140F008676F6 /* Base */,
			);
			name = LaunchScreen.storyboard;
			sourceTree = "<group>";
		};
/* End PBXVariantGroup section */

/* Begin XCBuildConfiguration section */
		3FC1C48F1E96140F008676F6 /* Debug */ = {
			isa = XCBuildConfiguration;
			buildSettings = {
				ALWAYS_SEARCH_USER_PATHS = NO;
				CLANG_ANALYZER_NONNULL = YES;
				CLANG_CXX_LANGUAGE_STANDARD = "gnu++0x";
				CLANG_CXX_LIBRARY = "libc++";
				CLANG_ENABLE_MODULES = YES;
				CLANG_ENABLE_OBJC_ARC = YES;
				CLANG_WARN_BOOL_CONVERSION = YES;
				CLANG_WARN_CONSTANT_CONVERSION = YES;
				CLANG_WARN_DIRECT_OBJC_ISA_USAGE = YES_ERROR;
				CLANG_WARN_DOCUMENTATION_COMMENTS = YES;
				CLANG_WARN_EMPTY_BODY = YES;
				CLANG_WARN_ENUM_CONVERSION = YES;
				CLANG_WARN_INFINITE_RECURSION = YES;
				CLANG_WARN_INT_CONVERSION = YES;
				CLANG_WARN_OBJC_ROOT_CLASS = YES_ERROR;
				CLANG_WARN_SUSPICIOUS_MOVE = YES;
				CLANG_WARN_UNREACHABLE_CODE = YES;
				CLANG_WARN__DUPLICATE_METHOD_MATCH = YES;
				"CODE_SIGN_IDENTITY[sdk=iphoneos*]" = "iPhone Developer";
				COPY_PHASE_STRIP = NO;
				DEBUG_INFORMATION_FORMAT = dwarf;
				ENABLE_STRICT_OBJC_MSGSEND = YES;
				ENABLE_TESTABILITY = YES;
				GCC_C_LANGUAGE_STANDARD = gnu99;
				GCC_DYNAMIC_NO_PIC = NO;
				GCC_NO_COMMON_BLOCKS = YES;
				GCC_OPTIMIZATION_LEVEL = 0;
				GCC_PREPROCESSOR_DEFINITIONS = (
					"DEBUG=1",
					"$(inherited)",
				);
				GCC_WARN_64_TO_32_BIT_CONVERSION = YES;
				GCC_WARN_ABOUT_RETURN_TYPE = YES_ERROR;
				GCC_WARN_UNDECLARED_SELECTOR = YES;
				GCC_WARN_UNINITIALIZED_AUTOS = YES_AGGRESSIVE;
				GCC_WARN_UNUSED_FUNCTION = YES;
				GCC_WARN_UNUSED_VARIABLE = YES;
				IPHONEOS_DEPLOYMENT_TARGET = 10.2;
				MTL_ENABLE_DEBUG_INFO = YES;
				ONLY_ACTIVE_ARCH = YES;
				SDKROOT = iphoneos;
				SWIFT_ACTIVE_COMPILATION_CONDITIONS = DEBUG;
				SWIFT_OPTIMIZATION_LEVEL = "-Onone";
				TARGETED_DEVICE_FAMILY = "1,2";
			};
			name = Debug;
		};
		3FC1C4901E96140F008676F6 /* Release */ = {
			isa = XCBuildConfiguration;
			buildSettings = {
				ALWAYS_SEARCH_USER_PATHS = NO;
				CLANG_ANALYZER_NONNULL = YES;
				CLANG_CXX_LANGUAGE_STANDARD = "gnu++0x";
				CLANG_CXX_LIBRARY = "libc++";
				CLANG_ENABLE_MODULES = YES;
				CLANG_ENABLE_OBJC_ARC = YES;
				CLANG_WARN_BOOL_CONVERSION = YES;
				CLANG_WARN_CONSTANT_CONVERSION = YES;
				CLANG_WARN_DIRECT_OBJC_ISA_USAGE = YES_ERROR;
				CLANG_WARN_DOCUMENTATION_COMMENTS = YES;
				CLANG_WARN_EMPTY_BODY = YES;
				CLANG_WARN_ENUM_CONVERSION = YES;
				CLANG_WARN_INFINITE_RECURSION = YES;
				CLANG_WARN_INT_CONVERSION = YES;
				CLANG_WARN_OBJC_ROOT_CLASS = YES_ERROR;
				CLANG_WARN_SUSPICIOUS_MOVE = YES;
				CLANG_WARN_UNREACHABLE_CODE = YES;
				CLANG_WARN__DUPLICATE_METHOD_MATCH = YES;
				"CODE_SIGN_IDENTITY[sdk=iphoneos*]" = "iPhone Developer";
				COPY_PHASE_STRIP = NO;
				DEBUG_INFORMATION_FORMAT = "dwarf-with-dsym";
				ENABLE_NS_ASSERTIONS = NO;
				ENABLE_STRICT_OBJC_MSGSEND = YES;
				GCC_C_LANGUAGE_STANDARD = gnu99;
				GCC_NO_COMMON_BLOCKS = YES;
				GCC_WARN_64_TO_32_BIT_CONVERSION = YES;
				GCC_WARN_ABOUT_RETURN_TYPE = YES_ERROR;
				GCC_WARN_UNDECLARED_SELECTOR = YES;
				GCC_WARN_UNINITIALIZED_AUTOS = YES_AGGRESSIVE;
				GCC_WARN_UNUSED_FUNCTION = YES;
				GCC_WARN_UNUSED_VARIABLE = YES;
				IPHONEOS_DEPLOYMENT_TARGET = 10.2;
				MTL_ENABLE_DEBUG_INFO = NO;
				SDKROOT = iphoneos;
				SWIFT_OPTIMIZATION_LEVEL = "-Owholemodule";
				TARGETED_DEVICE_FAMILY = "1,2";
				VALIDATE_PRODUCT = YES;
			};
			name = Release;
		};
		3FC1C4921E96140F008676F6 /* Debug */ = {
			isa = XCBuildConfiguration;
			buildSettings = {
				ASSETCATALOG_COMPILER_APPICON_NAME = AppIcon;
				DEVELOPMENT_TEAM = H3ZELCLQP9;
				INFOPLIST_FILE = mealSelector/Info.plist;
				LD_RUNPATH_SEARCH_PATHS = "$(inherited) @executable_path/Frameworks";
				PRODUCT_BUNDLE_IDENTIFIER = NAsoftware.mealSelector;
				PRODUCT_NAME = "$(TARGET_NAME)";
				SWIFT_VERSION = 3.0;
			};
			name = Debug;
		};
		3FC1C4931E96140F008676F6 /* Release */ = {
			isa = XCBuildConfiguration;
			buildSettings = {
				ASSETCATALOG_COMPILER_APPICON_NAME = AppIcon;
				DEVELOPMENT_TEAM = H3ZELCLQP9;
				INFOPLIST_FILE = mealSelector/Info.plist;
				LD_RUNPATH_SEARCH_PATHS = "$(inherited) @executable_path/Frameworks";
				PRODUCT_BUNDLE_IDENTIFIER = NAsoftware.mealSelector;
				PRODUCT_NAME = "$(TARGET_NAME)";
				SWIFT_VERSION = 3.0;
			};
			name = Release;
		};
/* End XCBuildConfiguration section */

/* Begin XCConfigurationList section */
		3FC1C47A1E96140F008676F6 /* Build configuration list for PBXProject "mealSelector" */ = {
			isa = XCConfigurationList;
			buildConfigurations = (
				3FC1C48F1E96140F008676F6 /* Debug */,
				3FC1C4901E96140F008676F6 /* Release */,
			);
			defaultConfigurationIsVisible = 0;
			defaultConfigurationName = Release;
		};
		3FC1C4911E96140F008676F6 /* Build configuration list for PBXNativeTarget "mealSelector" */ = {
			isa = XCConfigurationList;
			buildConfigurations = (
				3FC1C4921E96140F008676F6 /* Debug */,
				3FC1C4931E96140F008676F6 /* Release */,
			);
			defaultConfigurationIsVisible = 0;
		};
/* End XCConfigurationList section */
	};
	rootObject = 3FC1C4771E96140F008676F6 /* Project object */;
}
